
Microsoft Visual Studio Solution File, Format Version 12.00
# Visual Studio Version 16
VisualStudioVersion = 16.0.31205.134
MinimumVisualStudioVersion = 10.0.40219.1
Project("{FAE04EC0-301F-11D3-BF4B-00C04F79EFBC}") = "day30Sample", "day30Sample.csproj", "{23081183-A074-4DA2-AF09-56AEE9744082}"
EndProject
Global
	GlobalSection(SolutionConfigurationPlatforms) = preSolution
		Debug|Any CPU = Debug|Any CPU
		Release|Any CPU = Release|Any CPU
	EndGlobalSection
	GlobalSection(ProjectConfigurationPlatforms) = postSolution
		{23081183-A074-4DA2-AF09-56AEE9744082}.Debug|Any CPU.ActiveCfg = Debug|Any CPU
		{23081183-A074-4DA2-AF09-56AEE9744082}.Debug|Any CPU.Build.0 = Debug|Any CPU
		{23081183-A074-4DA2-AF09-56AEE9744082}.Release|Any CPU.ActiveCfg = Release|Any CPU
		{23081183-A074-4DA2-AF09-56AEE9744082}.Release|Any CPU.Build.0 = Release|Any CPU
	EndGlobalSection
	GlobalSection(SolutionProperties) = preSolution
		HideSolutionNode = FALSE
	EndGlobalSection
	GlobalSection(ExtensibilityGlobals) = postSolution
		SolutionGuid = {A69DAF00-73D1-4F95-ABC2-668BDC7B3548}
	EndGlobalSection
EndGlobal
